{
  "name": "node-red-project",
  "version": "0.0.1",
  "lockfileVersion": 1,
  "requires": true,
  "dependencies": {
    "crypto-js": {
      "version": "3.1.9-1",
      "resolved": "https://registry.npmjs.org/crypto-js/-/crypto-js-3.1.9-1.tgz",
      "integrity": "sha1-/aGedh/Ad+Af+/3G6f38WeiAbNg="
    },
    "node-red-contrib-crypto-js": {
      "version": "0.1.1",
      "resolved": "https://registry.npmjs.org/node-red-contrib-crypto-js/-/node-red-contrib-crypto-js-0.1.1.tgz",
      "integrity": "sha1-h0t45ue9n8V3Csk1cjK7tSFKw3c=",
      "requires": {
        "crypto-js": "3.1.9-1"
      }
    },
    "node-red-contrib-mongodb2": {
      "version": "0.5.6",
      "resolved": "https://registry.npmjs.org/node-red-contrib-mongodb2/-/node-red-contrib-mongodb2-0.5.6.tgz",
      "integrity": "sha1-Hh1eP6H3MnZ3ueYik93fBsoX4a8=",
      "requires": {
        "cfenv": "1.1.0",
        "mongodb": "2.2.35"
      },
      "dependencies": {
        "cfenv": {
          "version": "1.1.0",
          "resolved": "https://registry.npmjs.org/cfenv/-/cfenv-1.1.0.tgz",
          "integrity": "sha1-16RFKZljCCbcUQX/072nG5zm/tQ=",
          "requires": {
            "js-yaml": "3.11.0",
            "ports": "1.1.0",
            "underscore": "1.8.3"
          },
          "dependencies": {
            "js-yaml": {
              "version": "3.11.0",
              "resolved": "https://registry.npmjs.org/js-yaml/-/js-yaml-3.11.0.tgz",
              "integrity": "sha1-WXwai9VxUvJtYizkEXhRpR9euu8=",
              "requires": {
                "argparse": "1.0.10",
                "esprima": "4.0.0"
              },
              "dependencies": {
                "argparse": {
                  "version": "1.0.10",
                  "resolved": "https://registry.npmjs.org/argparse/-/argparse-1.0.10.tgz",
                  "integrity": "sha1-vNZ5HqWuCXJeF+WtmIE0zUCz2RE=",
                  "requires": {
                    "sprintf-js": "1.0.3"
                  },
                  "dependencies": {
                    "sprintf-js": {
                      "version": "1.0.3",
                      "resolved": "https://registry.npmjs.org/sprintf-js/-/sprintf-js-1.0.3.tgz",
                      "integrity": "sha1-BOaSb2YolTVPPdAVIDYzuFcpfiw="
                    }
                  }
                },
                "esprima": {
                  "version": "4.0.0",
                  "resolved": "https://registry.npmjs.org/esprima/-/esprima-4.0.0.tgz",
                  "integrity": "sha1-RJnt3NERDgshi6zy+n9/WfVcqAQ="
                }
              }
            },
            "ports": {
              "version": "1.1.0",
              "resolved": "https://registry.npmjs.org/ports/-/ports-1.1.0.tgz",
              "integrity": "sha1-twGqKF6V2ujJbNonUhdySh9/bGA="
            },
            "underscore": {
              "version": "1.8.3",
              "resolved": "https://registry.npmjs.org/underscore/-/underscore-1.8.3.tgz",
              "integrity": "sha1-Tz+1OxBuYJf8+ctBCfKl6b36UCI="
            }
          }
        },
        "mongodb": {
          "version": "2.2.35",
          "resolved": "https://registry.npmjs.org/mongodb/-/mongodb-2.2.35.tgz",
          "integrity": "sha1-zRta+KlGPj+aeH+ls9BVZVeXMPk=",
          "requires": {
            "es6-promise": "3.2.1",
            "mongodb-core": "2.1.19",
            "readable-stream": "2.2.7"
          },
          "dependencies": {
            "es6-promise": {
              "version": "3.2.1",
              "resolved": "https://registry.npmjs.org/es6-promise/-/es6-promise-3.2.1.tgz",
              "integrity": "sha1-7FYjOGgDKQkgcXDDlEjiREndH8Q="
            },
            "mongodb-core": {
              "version": "2.1.19",
              "resolved": "https://registry.npmjs.org/mongodb-core/-/mongodb-core-2.1.19.tgz",
              "integrity": "sha1-APvV5aNXN2O5Fxz9hE5gqPKjoYs=",
              "requires": {
                "bson": "1.0.6",
                "require_optional": "1.0.1"
              },
              "dependencies": {
                "bson": {
                  "version": "1.0.6",
                  "resolved": "https://registry.npmjs.org/bson/-/bson-1.0.6.tgz",
                  "integrity": "sha1-RE21nd1MJPDLBjqr3FyMewzsqRI="
                },
                "require_optional": {
                  "version": "1.0.1",
                  "resolved": "https://registry.npmjs.org/require_optional/-/require_optional-1.0.1.tgz",
                  "integrity": "sha1-TPNaQkf2TKPfjC7yCMxJSxyo/C4=",
                  "requires": {
                    "resolve-from": "2.0.0",
                    "semver": "5.5.0"
                  },
                  "dependencies": {
                    "resolve-from": {
                      "version": "2.0.0",
                      "resolved": "https://registry.npmjs.org/resolve-from/-/resolve-from-2.0.0.tgz",
                      "integrity": "sha1-lICrIOlP+h2egKgEx+oUdhGWa1c="
                    },
                    "semver": {
                      "version": "5.5.0",
                      "resolved": "https://registry.npmjs.org/semver/-/semver-5.5.0.tgz",
                      "integrity": "sha1-3Eu8emyp2Rbe5dQ1FvAJK1j3uKs="
                    }
                  }
                }
              }
            },
            "readable-stream": {
              "version": "2.2.7",
              "resolved": "https://registry.npmjs.org/readable-stream/-/readable-stream-2.2.7.tgz",
              "integrity": "sha1-BwV6y+JGeyIELTb5jFrVBwVOlbE=",
              "requires": {
                "buffer-shims": "1.0.0",
                "core-util-is": "1.0.2",
                "inherits": "2.0.3",
                "isarray": "1.0.0",
                "process-nextick-args": "1.0.7",
                "string_decoder": "1.0.3",
                "util-deprecate": "1.0.2"
              },
              "dependencies": {
                "buffer-shims": {
                  "version": "1.0.0",
                  "resolved": "https://registry.npmjs.org/buffer-shims/-/buffer-shims-1.0.0.tgz",
                  "integrity": "sha1-mXjOMXOIxkmth5MCjDR37wRKi1E="
                },
                "core-util-is": {
                  "version": "1.0.2",
                  "resolved": "https://registry.npmjs.org/core-util-is/-/core-util-is-1.0.2.tgz",
                  "integrity": "sha1-tf1UIgqivFq1eqtxQMlAdUUDwac="
                },
                "inherits": {
                  "version": "2.0.3",
                  "resolved": "https://registry.npmjs.org/inherits/-/inherits-2.0.3.tgz",
                  "integrity": "sha1-Yzwsg+PaQqUC9SRmAiSA9CCCYd4="
                },
                "isarray": {
                  "version": "1.0.0",
                  "resolved": "https://registry.npmjs.org/isarray/-/isarray-1.0.0.tgz",
                  "integrity": "sha1-u5NdSFgsuhaMBoNJV6VKPgcSTxE="
                },
                "process-nextick-args": {
                  "version": "1.0.7",
                  "resolved": "https://registry.npmjs.org/process-nextick-args/-/process-nextick-args-1.0.7.tgz",
                  "integrity": "sha1-FQ4gt1ZZCtP5EJPyWk8q2L/zC6M="
                },
                "string_decoder": {
                  "version": "1.0.3",
                  "resolved": "https://registry.npmjs.org/string_decoder/-/string_decoder-1.0.3.tgz",
                  "integrity": "sha1-D8Z9fBQYJd6UKC3VNr7GubzoYKs=",
                  "requires": {
                    "safe-buffer": "5.1.2"
                  },
                  "dependencies": {
                    "safe-buffer": {
                      "version": "5.1.2",
                      "resolved": "https://registry.npmjs.org/safe-buffer/-/safe-buffer-5.1.2.tgz",
                      "integrity": "sha1-mR7GnSluAxN0fVm9/St0XDX4go0="
                    }
                  }
                },
                "util-deprecate": {
                  "version": "1.0.2",
                  "resolved": "https://registry.npmjs.org/util-deprecate/-/util-deprecate-1.0.2.tgz",
                  "integrity": "sha1-RQ1Nyfpw3nMnYvvS1KKJgUGaDM8="
                }
              }
            }
          }
        }
      }
    }
  }
}
